<Solution>
  <Configurations>
    <Platform Name="Any CPU" />
    <Platform Name="x64" />
    <Platform Name="x86" />
  </Configurations>
  <Folder Name="/docs/">
    <File Path="review-checklist.md" />
  </Folder>
  <Folder Name="/services/">
    <Project Path="ForeverPin.Api/ForeverPin.Api.csproj" />
    <Project Path="ForeverPin.Application/ForeverPin.Application.csproj" />
    <Project Path="ForeverPin.Common.Domain/ForeverPin.Common.Domain.csproj" />
    <Project Path="ForeverPin.Common.Persistence/ForeverPin.Common.Persistence.csproj" />
    <Project Path="ForeverPin.Domain/ForeverPin.Domain.csproj" />
    <Project Path="ForeverPin.Infrastructure/ForeverPin.Infrastructure.csproj" />
    <Project Path="ForeverPin.Persistence/ForeverPin.Persistence.csproj" />
    <Project Path="ForeverPin.Redirect.Api/ForeverPin.Redirect.Api.csproj" />
  </Folder>
  <Folder Name="/tests/">
    <Project Path="ForeverPin.Tests.E2E/ForeverPin.Tests.E2E.csproj" />
    <Project Path="ForeverPin.Tests.Integration/ForeverPin.Tests.Integration.csproj" />
    <Project Path="ForeverPin.Tests.Migrations/ForeverPin.Tests.Migrations.csproj" />
    <Project Path="ForeverPin.Tests.Unit/ForeverPin.Tests.Unit.csproj" />
  </Folder>
</Solution>
